// !$*UTF8*$!
{
	archiveVersion = 1;
	classes = {
	};
	objectVersion = 55;
	objects = {

/* Begin PBXBuildFile section */
		638474D42841952100D37A9E /* AppDelegate.swift in Sources */ = {isa = PBXBuildFile; fileRef = 638474D32841952100D37A9E /* AppDelegate.swift */; };
		638474D62841952100D37A9E /* SceneDelegate.swift in Sources */ = {isa = PBXBuildFile; fileRef = 638474D52841952100D37A9E /* SceneDelegate.swift */; };
		638474D82841952100D37A9E /* ViewController.swift in Sources */ = {isa = PBXBuildFile; fileRef = 638474D72841952100D37A9E /* ViewController.swift */; };
		638474DB2841952100D37A9E /* Main.storyboard in Resources */ = {isa = PBXBuildFile; fileRef = 638474D92841952100D37A9E /* Main.storyboard */; };
		638474DD2841952400D37A9E /* Assets.xcassets in Resources */ = {isa = PBXBuildFile; fileRef = 638474DC2841952400D37A9E /* Assets.xcassets */; };
		638474E02841952400D37A9E /* LaunchScreen.storyboard in Resources */ = {isa = PBXBuildFile; fileRef = 638474DE2841952400D37A9E /* LaunchScreen.storyboard */; };
		638474E82841970A00D37A9E /* DonationKit in Resources */ = {isa = PBXBuildFile; fileRef = 638474E72841970A00D37A9E /* DonationKit */; };
		638474EA2841971300D37A9E /* NotificationKit in Resources */ = {isa = PBXBuildFile; fileRef = 638474E92841971200D37A9E /* NotificationKit */; };
		638474EC2841971B00D37A9E /* SettingsKit in Resources */ = {isa = PBXBuildFile; fileRef = 638474EB2841971B00D37A9E /* SettingsKit */; };
		638474EF28419AA300D37A9E /* SettingsKit in Frameworks */ = {isa = PBXBuildFile; productRef = 638474EE28419AA300D37A9E /* SettingsKit */; };
		638474F128419AA700D37A9E /* NotificationKit in Frameworks */ = {isa = PBXBuildFile; productRef = 638474F028419AA700D37A9E /* NotificationKit */; };
		638474F328419AAA00D37A9E /* DonationKit in Frameworks */ = {isa = PBXBuildFile; productRef = 638474F228419AAA00D37A9E /* DonationKit */; };
		638474F52841A23E00D37A9E /* TestConfiguration.storekit in Resources */ = {isa = PBXBuildFile; fileRef = 638474F42841A13400D37A9E /* TestConfiguration.storekit */; };
/* End PBXBuildFile section */

/* Begin PBXFileReference section */
		638474D02841952100D37A9E /* TestFramework.app */ = {isa = PBXFileReference; explicitFileType = wrapper.application; includeInIndex = 0; path = TestFramework.app; sourceTree = BUILT_PRODUCTS_DIR; };
		638474D32841952100D37A9E /* AppDelegate.swift */ = {isa = PBXFileReference; lastKnownFileType = sourcecode.swift; path = AppDelegate.swift; sourceTree = "<group>"; };
		638474D52841952100D37A9E /* SceneDelegate.swift */ = {isa = PBXFileReference; lastKnownFileType = sourcecode.swift; path = SceneDelegate.swift; sourceTree = "<group>"; };
		638474D72841952100D37A9E /* ViewController.swift */ = {isa = PBXFileReference; lastKnownFileType = sourcecode.swift; path = ViewController.swift; sourceTree = "<group>"; };
		638474DA2841952100D37A9E /* Base */ = {isa = PBXFileReference; lastKnownFileType = file.storyboard; name = Base; path = Base.lproj/Main.storyboard; sourceTree = "<group>"; };
		638474DC2841952400D37A9E /* Assets.xcassets */ = {isa = PBXFileReference; lastKnownFileType = folder.assetcatalog; path = Assets.xcassets; sourceTree = "<group>"; };
		638474DF2841952400D37A9E /* Base */ = {isa = PBXFileReference; lastKnownFileType = file.storyboard; name = Base; path = Base.lproj/LaunchScreen.storyboard; sourceTree = "<group>"; };
		638474E12841952400D37A9E /* Info.plist */ = {isa = PBXFileReference; lastKnownFileType = text.plist.xml; path = Info.plist; sourceTree = "<group>"; };
		638474E72841970A00D37A9E /* DonationKit */ = {isa = PBXFileReference; fileEncoding = 4; lastKnownFileType = text; path = DonationKit; sourceTree = SOURCE_ROOT; };
		638474E92841971200D37A9E /* NotificationKit */ = {isa = PBXFileReference; fileEncoding = 4; lastKnownFileType = text; path = NotificationKit; sourceTree = SOURCE_ROOT; };
		638474EB2841971B00D37A9E /* SettingsKit */ = {isa = PBXFileReference; fileEncoding = 4; lastKnownFileType = text; path = SettingsKit; sourceTree = SOURCE_ROOT; };
		638474F42841A13400D37A9E /* TestConfiguration.storekit */ = {isa = PBXFileReference; lastKnownFileType = text; path = TestConfiguration.storekit; sourceTree = "<group>"; };
/* End PBXFileReference section */

/* Begin PBXFrameworksBuildPhase section */
		638474CD2841952100D37A9E /* Frameworks */ = {
			isa = PBXFrameworksBuildPhase;
			buildActionMask = 2147483647;
			files = (
				638474F128419AA700D37A9E /* NotificationKit in Frameworks */,
				638474EF28419AA300D37A9E /* SettingsKit in Frameworks */,
				638474F328419AAA00D37A9E /* DonationKit in Frameworks */,
			);
			runOnlyForDeploymentPostprocessing = 0;
		};
/* End PBXFrameworksBuildPhase section */

/* Begin PBXGroup section */
		638474C72841952100D37A9E = {
			isa = PBXGroup;
			children = (
				638474D22841952100D37A9E /* TestFramework */,
				638474D12841952100D37A9E /* Products */,
				638474ED28419AA300D37A9E /* Frameworks */,
			);
			sourceTree = "<group>";
		};
		638474D12841952100D37A9E /* Products */ = {
			isa = PBXGroup;
			children = (
				638474D02841952100D37A9E /* TestFramework.app */,
			);
			name = Products;
			sourceTree = "<group>";
		};
		638474D22841952100D37A9E /* TestFramework */ = {
			isa = PBXGroup;
			children = (
				638474D32841952100D37A9E /* AppDelegate.swift */,
				638474D52841952100D37A9E /* SceneDelegate.swift */,
				638474D72841952100D37A9E /* ViewController.swift */,
				638474EB2841971B00D37A9E /* SettingsKit */,
				638474E92841971200D37A9E /* NotificationKit */,
				638474E72841970A00D37A9E /* DonationKit */,
				638474D92841952100D37A9E /* Main.storyboard */,
				638474DC2841952400D37A9E /* Assets.xcassets */,
				638474DE2841952400D37A9E /* LaunchScreen.storyboard */,
				638474E12841952400D37A9E /* Info.plist */,
				638474F42841A13400D37A9E /* TestConfiguration.storekit */,
			);
			path = TestFramework;
			sourceTree = "<group>";
		};
		638474ED28419AA300D37A9E /* Frameworks */ = {
			isa = PBXGroup;
			children = (
			);
			name = Frameworks;
			sourceTree = "<group>";
		};
/* End PBXGroup section */

/* Begin PBXNativeTarget section */
		638474CF2841952100D37A9E /* TestFramework */ = {
			isa = PBXNativeTarget;
			buildConfigurationList = 638474E42841952400D37A9E /* Build configuration list for PBXNativeTarget "TestFramework" */;
			buildPhases = (
				638474CC2841952100D37A9E /* Sources */,
				638474CD2841952100D37A9E /* Frameworks */,
				638474CE2841952100D37A9E /* Resources */,
			);
			buildRules = (
			);
			dependencies = (
			);
			name = TestFramework;
			packageProductDependencies = (
				638474EE28419AA300D37A9E /* SettingsKit */,
				638474F028419AA700D37A9E /* NotificationKit */,
				638474F228419AAA00D37A9E /* DonationKit */,
			);
			productName = TestFramework;
			productReference = 638474D02841952100D37A9E /* TestFramework.app */;
			productType = "com.apple.product-type.application";
		};
/* End PBXNativeTarget section */

/* Begin PBXProject section */
		638474C82841952100D37A9E /* Project object */ = {
			isa = PBXProject;
			attributes = {
				BuildIndependentTargetsInParallel = 1;
				LastSwiftUpdateCheck = 1310;
				LastUpgradeCheck = 1310;
				TargetAttributes = {
					638474CF2841952100D37A9E = {
						CreatedOnToolsVersion = 13.1;
					};
				};
			};
			buildConfigurationList = 638474CB2841952100D37A9E /* Build configuration list for PBXProject "TestFramework" */;
			compatibilityVersion = "Xcode 13.0";
			developmentRegion = en;
			hasScannedForEncodings = 0;
			knownRegions = (
				en,
				Base,
			);
			mainGroup = 638474C72841952100D37A9E;
			productRefGroup = 638474D12841952100D37A9E /* Products */;
			projectDirPath = "";
			projectRoot = "";
			targets = (
				638474CF2841952100D37A9E /* TestFramework */,
			);
		};
/* End PBXProject section */

/* Begin PBXResourcesBuildPhase section */
		638474CE2841952100D37A9E /* Resources */ = {
			isa = PBXResourcesBuildPhase;
			buildActionMask = 2147483647;
			files = (
				638474E02841952400D37A9E /* LaunchScreen.storyboard in Resources */,
				638474EA2841971300D37A9E /* NotificationKit in Resources */,
				638474DD2841952400D37A9E /* Assets.xcassets in Resources */,
				638474DB2841952100D37A9E /* Main.storyboard in Resources */,
				638474EC2841971B00D37A9E /* SettingsKit in Resources */,
				638474F52841A23E00D37A9E /* TestConfiguration.storekit in Resources */,
				638474E82841970A00D37A9E /* DonationKit in Resources */,
			);
			runOnlyForDeploymentPostprocessing = 0;
		};
/* End PBXResourcesBuildPhase section */

/* Begin PBXSourcesBuildPhase section */
		638474CC2841952100D37A9E /* Sources */ = {
			isa = PBXSourcesBuildPhase;
			buildActionMask = 2147483647;
			files = (
				638474D82841952100D37A9E /* ViewController.swift in Sources */,
				638474D42841952100D37A9E /* AppDelegate.swift in Sources */,
				638474D62841952100D37A9E /* SceneDelegate.swift in Sources */,
			);
			runOnlyForDeploymentPostprocessing = 0;
		};
/* End PBXSourcesBuildPhase section */

/* Begin PBXVariantGroup section */
		638474D92841952100D37A9E /* Main.storyboard */ = {
			isa = PBXVariantGroup;
			children = (
				638474DA2841952100D37A9E /* Base */,
			);
			name = Main.storyboard;
			sourceTree = "<group>";
		};
		638474DE2841952400D37A9E /* LaunchScreen.storyboard */ = {
			isa = PBXVariantGroup;
			children = (
				638474DF2841952400D37A9E /* Base */,
			);
			name = LaunchScreen.storyboard;
			sourceTree = "<group>";
		};
/* End PBXVariantGroup section */

/* Begin XCBuildConfiguration section */
		638474E22841952400D37A9E /* Debug */ = {
			isa = XCBuildConfiguration;
			buildSettings = {
				ALWAYS_SEARCH_USER_PATHS = NO;
				CLANG_ANALYZER_NONNULL = YES;
				CLANG_ANALYZER_NUMBER_OBJECT_CONVERSION = YES_AGGRESSIVE;
				CLANG_CXX_LANGUAGE_STANDARD = "gnu++17";
				CLANG_CXX_LIBRARY = "libc++";
				CLANG_ENABLE_MODULES = YES;
				CLANG_ENABLE_OBJC_ARC = YES;
				CLANG_ENABLE_OBJC_WEAK = YES;
				CLANG_WARN_BLOCK_CAPTURE_AUTORELEASING = YES;
				CLANG_WARN_BOOL_CONVERSION = YES;
				CLANG_WARN_COMMA = YES;
				CLANG_WARN_CONSTANT_CONVERSION = YES;
				CLANG_WARN_DEPRECATED_OBJC_IMPLEMENTATIONS = YES;
				CLANG_WARN_DIRECT_OBJC_ISA_USAGE = YES_ERROR;
				CLANG_WARN_DOCUMENTATION_COMMENTS = YES;
				CLANG_WARN_EMPTY_BODY = YES;
				CLANG_WARN_ENUM_CONVERSION = YES;
				CLANG_WARN_INFINITE_RECURSION = YES;
				CLANG_WARN_INT_CONVERSION = YES;
				CLANG_WARN_NON_LITERAL_NULL_CONVERSION = YES;
				CLANG_WARN_OBJC_IMPLICIT_RETAIN_SELF = YES;
				CLANG_WARN_OBJC_LITERAL_CONVERSION = YES;
				CLANG_WARN_OBJC_ROOT_CLASS = YES_ERROR;
				CLANG_WARN_QUOTED_INCLUDE_IN_FRAMEWORK_HEADER = YES;
				CLANG_WARN_RANGE_LOOP_ANALYSIS = YES;
				CLANG_WARN_STRICT_PROTOTYPES = YES;
				CLANG_WARN_SUSPICIOUS_MOVE = YES;
				CLANG_WARN_UNGUARDED_AVAILABILITY = YES_AGGRESSIVE;
				CLANG_WARN_UNREACHABLE_CODE = YES;
				CLANG_WARN__DUPLICATE_METHOD_MATCH = YES;
				COPY_PHASE_STRIP = NO;
				DEBUG_INFORMATION_FORMAT = dwarf;
				ENABLE_STRICT_OBJC_MSGSEND = YES;
				ENABLE_TESTABILITY = YES;
				GCC_C_LANGUAGE_STANDARD = gnu11;
				GCC_DYNAMIC_NO_PIC = NO;
				GCC_NO_COMMON_BLOCKS = YES;
				GCC_OPTIMIZATION_LEVEL = 0;
				GCC_PREPROCESSOR_DEFINITIONS = (
					"DEBUG=1",
					"$(inherited)",
				);
				GCC_WARN_64_TO_32_BIT_CONVERSION = YES;
				GCC_WARN_ABOUT_RETURN_TYPE = YES_ERROR;
				GCC_WARN_UNDECLARED_SELECTOR = YES;
				GCC_WARN_UNINITIALIZED_AUTOS = YES_AGGRESSIVE;
				GCC_WARN_UNUSED_FUNCTION = YES;
				GCC_WARN_UNUSED_VARIABLE = YES;
				IPHONEOS_DEPLOYMENT_TARGET = 15.0;
				MTL_ENABLE_DEBUG_INFO = INCLUDE_SOURCE;
				MTL_FAST_MATH = YES;
				ONLY_ACTIVE_ARCH = YES;
				SDKROOT = iphoneos;
				SWIFT_ACTIVE_COMPILATION_CONDITIONS = DEBUG;
				SWIFT_OPTIMIZATION_LEVEL = "-Onone";
			};
			name = Debug;
		};
		638474E32841952400D37A9E /* Release */ = {
			isa = XCBuildConfiguration;
			buildSettings = {
				ALWAYS_SEARCH_USER_PATHS = NO;
				CLANG_ANALYZER_NONNULL = YES;
				CLANG_ANALYZER_NUMBER_OBJECT_CONVERSION = YES_AGGRESSIVE;
				CLANG_CXX_LANGUAGE_STANDARD = "gnu++17";
				CLANG_CXX_LIBRARY = "libc++";
				CLANG_ENABLE_MODULES = YES;
				CLANG_ENABLE_OBJC_ARC = YES;
				CLANG_ENABLE_OBJC_WEAK = YES;
				CLANG_WARN_BLOCK_CAPTURE_AUTORELEASING = YES;
				CLANG_WARN_BOOL_CONVERSION = YES;
				CLANG_WARN_COMMA = YES;
				CLANG_WARN_CONSTANT_CONVERSION = YES;
				CLANG_WARN_DEPRECATED_OBJC_IMPLEMENTATIONS = YES;
				CLANG_WARN_DIRECT_OBJC_ISA_USAGE = YES_ERROR;
				CLANG_WARN_DOCUMENTATION_COMMENTS = YES;
				CLANG_WARN_EMPTY_BODY = YES;
				CLANG_WARN_ENUM_CONVERSION = YES;
				CLANG_WARN_INFINITE_RECURSION = YES;
				CLANG_WARN_INT_CONVERSION = YES;
				CLANG_WARN_NON_LITERAL_NULL_CONVERSION = YES;
				CLANG_WARN_OBJC_IMPLICIT_RETAIN_SELF = YES;
				CLANG_WARN_OBJC_LITERAL_CONVERSION = YES;
				CLANG_WARN_OBJC_ROOT_CLASS = YES_ERROR;
				CLANG_WARN_QUOTED_INCLUDE_IN_FRAMEWORK_HEADER = YES;
				CLANG_WARN_RANGE_LOOP_ANALYSIS = YES;
				CLANG_WARN_STRICT_PROTOTYPES = YES;
				CLANG_WARN_SUSPICIOUS_MOVE = YES;
				CLANG_WARN_UNGUARDED_AVAILABILITY = YES_AGGRESSIVE;
				CLANG_WARN_UNREACHABLE_CODE = YES;
				CLANG_WARN__DUPLICATE_METHOD_MATCH = YES;
				COPY_PHASE_STRIP = NO;
				DEBUG_INFORMATION_FORMAT = "dwarf-with-dsym";
				ENABLE_NS_ASSERTIONS = NO;
				ENABLE_STRICT_OBJC_MSGSEND = YES;
				GCC_C_LANGUAGE_STANDARD = gnu11;
				GCC_NO_COMMON_BLOCKS = YES;
				GCC_WARN_64_TO_32_BIT_CONVERSION = YES;
				GCC_WARN_ABOUT_RETURN_TYPE = YES_ERROR;
				GCC_WARN_UNDECLARED_SELECTOR = YES;
				GCC_WARN_UNINITIALIZED_AUTOS = YES_AGGRESSIVE;
				GCC_WARN_UNUSED_FUNCTION = YES;
				GCC_WARN_UNUSED_VARIABLE = YES;
				IPHONEOS_DEPLOYMENT_TARGET = 15.0;
				MTL_ENABLE_DEBUG_INFO = NO;
				MTL_FAST_MATH = YES;
				SDKROOT = iphoneos;
				SWIFT_COMPILATION_MODE = wholemodule;
				SWIFT_OPTIMIZATION_LEVEL = "-O";
				VALIDATE_PRODUCT = YES;
			};
			name = Release;
		};
		638474E52841952400D37A9E /* Debug */ = {
			isa = XCBuildConfiguration;
			buildSettings = {
				ASSETCATALOG_COMPILER_APPICON_NAME = AppIcon;
				ASSETCATALOG_COMPILER_GLOBAL_ACCENT_COLOR_NAME = AccentColor;
				CODE_SIGN_STYLE = Automatic;
				CURRENT_PROJECT_VERSION = 1;
				DEVELOPMENT_TEAM = 6H7JAV7UN8;
				GENERATE_INFOPLIST_FILE = YES;
				INFOPLIST_FILE = TestFramework/Info.plist;
				INFOPLIST_KEY_UIApplicationSupportsIndirectInputEvents = YES;
				INFOPLIST_KEY_UILaunchStoryboardName = LaunchScreen;
				INFOPLIST_KEY_UIMainStoryboardFile = Main;
				INFOPLIST_KEY_UISupportedInterfaceOrientations_iPad = "UIInterfaceOrientationPortrait UIInterfaceOrientationPortraitUpsideDown UIInterfaceOrientationLandscapeLeft UIInterfaceOrientationLandscapeRight";
				INFOPLIST_KEY_UISupportedInterfaceOrientations_iPhone = "UIInterfaceOrientationPortrait UIInterfaceOrientationLandscapeLeft UIInterfaceOrientationLandscapeRight";
				LD_RUNPATH_SEARCH_PATHS = (
					"$(inherited)",
					"@executable_path/Frameworks",
				);
				MARKETING_VERSION = 1.0;
				PRODUCT_BUNDLE_IDENTIFIER = com.gapurinov.TestFramework;
				PRODUCT_NAME = "$(TARGET_NAME)";
				SWIFT_EMIT_LOC_STRINGS = YES;
				SWIFT_VERSION = 5.0;
				TARGETED_DEVICE_FAMILY = "1,2";
			};
			name = Debug;
		};
		638474E62841952400D37A9E /* Release */ = {
			isa = XCBuildConfiguration;
			buildSettings = {
				ASSETCATALOG_COMPILER_APPICON_NAME = AppIcon;
				ASSETCATALOG_COMPILER_GLOBAL_ACCENT_COLOR_NAME = AccentColor;
				CODE_SIGN_STYLE = Automatic;
				CURRENT_PROJECT_VERSION = 1;
				DEVELOPMENT_TEAM = 6H7JAV7UN8;
				GENERATE_INFOPLIST_FILE = YES;
				INFOPLIST_FILE = TestFramework/Info.plist;
				INFOPLIST_KEY_UIApplicationSupportsIndirectInputEvents = YES;
				INFOPLIST_KEY_UILaunchStoryboardName = LaunchScreen;
				INFOPLIST_KEY_UIMainStoryboardFile = Main;
				INFOPLIST_KEY_UISupportedInterfaceOrientations_iPad = "UIInterfaceOrientationPortrait UIInterfaceOrientationPortraitUpsideDown UIInterfaceOrientationLandscapeLeft UIInterfaceOrientationLandscapeRight";
				INFOPLIST_KEY_UISupportedInterfaceOrientations_iPhone = "UIInterfaceOrientationPortrait UIInterfaceOrientationLandscapeLeft UIInterfaceOrientationLandscapeRight";
				LD_RUNPATH_SEARCH_PATHS = (
					"$(inherited)",
					"@executable_path/Frameworks",
				);
				MARKETING_VERSION = 1.0;
				PRODUCT_BUNDLE_IDENTIFIER = com.gapurinov.TestFramework;
				PRODUCT_NAME = "$(TARGET_NAME)";
				SWIFT_EMIT_LOC_STRINGS = YES;
				SWIFT_VERSION = 5.0;
				TARGETED_DEVICE_FAMILY = "1,2";
			};
			name = Release;
		};
/* End XCBuildConfiguration section */

/* Begin XCConfigurationList section */
		638474CB2841952100D37A9E /* Build configuration list for PBXProject "TestFramework" */ = {
			isa = XCConfigurationList;
			buildConfigurations = (
				638474E22841952400D37A9E /* Debug */,
				638474E32841952400D37A9E /* Release */,
			);
			defaultConfigurationIsVisible = 0;
			defaultConfigurationName = Release;
		};
		638474E42841952400D37A9E /* Build configuration list for PBXNativeTarget "TestFramework" */ = {
			isa = XCConfigurationList;
			buildConfigurations = (
				638474E52841952400D37A9E /* Debug */,
				638474E62841952400D37A9E /* Release */,
			);
			defaultConfigurationIsVisible = 0;
			defaultConfigurationName = Release;
		};
/* End XCConfigurationList section */

/* Begin XCSwiftPackageProductDependency section */
		638474EE28419AA300D37A9E /* SettingsKit */ = {
			isa = XCSwiftPackageProductDependency;
			productName = SettingsKit;
		};
		638474F028419AA700D37A9E /* NotificationKit */ = {
			isa = XCSwiftPackageProductDependency;
			productName = NotificationKit;
		};
		638474F228419AAA00D37A9E /* DonationKit */ = {
			isa = XCSwiftPackageProductDependency;
			productName = DonationKit;
		};
/* End XCSwiftPackageProductDependency section */
	};
	rootObject = 638474C82841952100D37A9E /* Project object */;
}
